// !$*UTF8*$!
{
	archiveVersion = 1;
	classes = {
	};
	objectVersion = 56;
	objects = {

/* Begin PBXBuildFile section */
		2710B42D293DC04D0026C474 /* LandmarksApp.swift in Sources */ = {isa = PBXBuildFile; fileRef = 2710B42C293DC04D0026C474 /* LandmarksApp.swift */; };
		2710B42F293DC04D0026C474 /* ContentView.swift in Sources */ = {isa = PBXBuildFile; fileRef = 2710B42E293DC04D0026C474 /* ContentView.swift */; };
		2710B431293DC04E0026C474 /* Assets.xcassets in Resources */ = {isa = PBXBuildFile; fileRef = 2710B430293DC04E0026C474 /* Assets.xcassets */; };
		2710B434293DC04E0026C474 /* Preview Assets.xcassets in Resources */ = {isa = PBXBuildFile; fileRef = 2710B433293DC04E0026C474 /* Preview Assets.xcassets */; };
		2710B43E293DC04E0026C474 /* LandmarksTests.swift in Sources */ = {isa = PBXBuildFile; fileRef = 2710B43D293DC04E0026C474 /* LandmarksTests.swift */; };
		2710B448293DC04E0026C474 /* LandmarksUITests.swift in Sources */ = {isa = PBXBuildFile; fileRef = 2710B447293DC04E0026C474 /* LandmarksUITests.swift */; };
		2710B44A293DC04E0026C474 /* LandmarksUITestsLaunchTests.swift in Sources */ = {isa = PBXBuildFile; fileRef = 2710B449293DC04E0026C474 /* LandmarksUITestsLaunchTests.swift */; };
		27231D8B2945D7E300A48F77 /* CircleImage.swift in Sources */ = {isa = PBXBuildFile; fileRef = 27231D8A2945D7E300A48F77 /* CircleImage.swift */; };
		27231D8D2945D99C00A48F77 /* MapView.swift in Sources */ = {isa = PBXBuildFile; fileRef = 27231D8C2945D99C00A48F77 /* MapView.swift */; };
		2723C8A8294C8D15008177B7 /* FavoriteButton.swift in Sources */ = {isa = PBXBuildFile; fileRef = 2723C8A7294C8D15008177B7 /* FavoriteButton.swift */; };
		278F1B812945DF27008BB606 /* landmarkData.json in Resources */ = {isa = PBXBuildFile; fileRef = 278F1B802945DF27008BB606 /* landmarkData.json */; };
		278F1B832945DF55008BB606 /* Landmark.swift in Sources */ = {isa = PBXBuildFile; fileRef = 278F1B822945DF55008BB606 /* Landmark.swift */; };
		278F1B852945E118008BB606 /* ModelData.swift in Sources */ = {isa = PBXBuildFile; fileRef = 278F1B842945E118008BB606 /* ModelData.swift */; };
		278F1B8A2945E29A008BB606 /* LandmarkRow.swift in Sources */ = {isa = PBXBuildFile; fileRef = 278F1B892945E29A008BB606 /* LandmarkRow.swift */; };
		278F1B8C2945E4C2008BB606 /* LandmarkList.swift in Sources */ = {isa = PBXBuildFile; fileRef = 278F1B8B2945E4C2008BB606 /* LandmarkList.swift */; };
		278F1B8E2945E60F008BB606 /* LandmarkDetail.swift in Sources */ = {isa = PBXBuildFile; fileRef = 278F1B8D2945E60F008BB606 /* LandmarkDetail.swift */; };
/* End PBXBuildFile section */

/* Begin PBXContainerItemProxy section */
		2710B43A293DC04E0026C474 /* PBXContainerItemProxy */ = {
			isa = PBXContainerItemProxy;
			containerPortal = 2710B421293DC04D0026C474 /* Project object */;
			proxyType = 1;
			remoteGlobalIDString = 2710B428293DC04D0026C474;
			remoteInfo = Landmarks;
		};
		2710B444293DC04E0026C474 /* PBXContainerItemProxy */ = {
			isa = PBXContainerItemProxy;
			containerPortal = 2710B421293DC04D0026C474 /* Project object */;
			proxyType = 1;
			remoteGlobalIDString = 2710B428293DC04D0026C474;
			remoteInfo = Landmarks;
		};
/* End PBXContainerItemProxy section */

/* Begin PBXFileReference section */
		2710B429293DC04D0026C474 /* Landmarks.app */ = {isa = PBXFileReference; explicitFileType = wrapper.application; includeInIndex = 0; path = Landmarks.app; sourceTree = BUILT_PRODUCTS_DIR; };
		2710B42C293DC04D0026C474 /* LandmarksApp.swift */ = {isa = PBXFileReference; lastKnownFileType = sourcecode.swift; path = LandmarksApp.swift; sourceTree = "<group>"; };
		2710B42E293DC04D0026C474 /* ContentView.swift */ = {isa = PBXFileReference; lastKnownFileType = sourcecode.swift; path = ContentView.swift; sourceTree = "<group>"; };
		2710B430293DC04E0026C474 /* Assets.xcassets */ = {isa = PBXFileReference; lastKnownFileType = folder.assetcatalog; path = Assets.xcassets; sourceTree = "<group>"; };
		2710B433293DC04E0026C474 /* Preview Assets.xcassets */ = {isa = PBXFileReference; lastKnownFileType = folder.assetcatalog; path = "Preview Assets.xcassets"; sourceTree = "<group>"; };
		2710B439293DC04E0026C474 /* LandmarksTests.xctest */ = {isa = PBXFileReference; explicitFileType = wrapper.cfbundle; includeInIndex = 0; path = LandmarksTests.xctest; sourceTree = BUILT_PRODUCTS_DIR; };
		2710B43D293DC04E0026C474 /* LandmarksTests.swift */ = {isa = PBXFileReference; lastKnownFileType = sourcecode.swift; path = LandmarksTests.swift; sourceTree = "<group>"; };
		2710B443293DC04E0026C474 /* LandmarksUITests.xctest */ = {isa = PBXFileReference; explicitFileType = wrapper.cfbundle; includeInIndex = 0; path = LandmarksUITests.xctest; sourceTree = BUILT_PRODUCTS_DIR; };
		2710B447293DC04E0026C474 /* LandmarksUITests.swift */ = {isa = PBXFileReference; lastKnownFileType = sourcecode.swift; path = LandmarksUITests.swift; sourceTree = "<group>"; };
		2710B449293DC04E0026C474 /* LandmarksUITestsLaunchTests.swift */ = {isa = PBXFileReference; lastKnownFileType = sourcecode.swift; path = LandmarksUITestsLaunchTests.swift; sourceTree = "<group>"; };
		27231D8A2945D7E300A48F77 /* CircleImage.swift */ = {isa = PBXFileReference; lastKnownFileType = sourcecode.swift; path = CircleImage.swift; sourceTree = "<group>"; };
		27231D8C2945D99C00A48F77 /* MapView.swift */ = {isa = PBXFileReference; lastKnownFileType = sourcecode.swift; path = MapView.swift; sourceTree = "<group>"; };
		2723C8A7294C8D15008177B7 /* FavoriteButton.swift */ = {isa = PBXFileReference; lastKnownFileType = sourcecode.swift; path = FavoriteButton.swift; sourceTree = "<group>"; };
		278F1B802945DF27008BB606 /* landmarkData.json */ = {isa = PBXFileReference; fileEncoding = 4; lastKnownFileType = text.json; path = landmarkData.json; sourceTree = "<group>"; };
		278F1B822945DF55008BB606 /* Landmark.swift */ = {isa = PBXFileReference; lastKnownFileType = sourcecode.swift; path = Landmark.swift; sourceTree = "<group>"; };
		278F1B842945E118008BB606 /* ModelData.swift */ = {isa = PBXFileReference; lastKnownFileType = sourcecode.swift; path = ModelData.swift; sourceTree = "<group>"; };
		278F1B892945E29A008BB606 /* LandmarkRow.swift */ = {isa = PBXFileReference; lastKnownFileType = sourcecode.swift; path = LandmarkRow.swift; sourceTree = "<group>"; };
		278F1B8B2945E4C2008BB606 /* LandmarkList.swift */ = {isa = PBXFileReference; lastKnownFileType = sourcecode.swift; path = LandmarkList.swift; sourceTree = "<group>"; };
		278F1B8D2945E60F008BB606 /* LandmarkDetail.swift */ = {isa = PBXFileReference; lastKnownFileType = sourcecode.swift; path = LandmarkDetail.swift; sourceTree = "<group>"; };
/* End PBXFileReference section */

/* Begin PBXFrameworksBuildPhase section */
		2710B426293DC04D0026C474 /* Frameworks */ = {
			isa = PBXFrameworksBuildPhase;
			buildActionMask = 2147483647;
			files = (
			);
			runOnlyForDeploymentPostprocessing = 0;
		};
		2710B436293DC04E0026C474 /* Frameworks */ = {
			isa = PBXFrameworksBuildPhase;
			buildActionMask = 2147483647;
			files = (
			);
			runOnlyForDeploymentPostprocessing = 0;
		};
		2710B440293DC04E0026C474 /* Frameworks */ = {
			isa = PBXFrameworksBuildPhase;
			buildActionMask = 2147483647;
			files = (
			);
			runOnlyForDeploymentPostprocessing = 0;
		};
/* End PBXFrameworksBuildPhase section */

/* Begin PBXGroup section */
		2710B420293DC04D0026C474 = {
			isa = PBXGroup;
			children = (
				2710B42B293DC04D0026C474 /* Landmarks */,
				2710B43C293DC04E0026C474 /* LandmarksTests */,
				2710B446293DC04E0026C474 /* LandmarksUITests */,
				2710B42A293DC04D0026C474 /* Products */,
			);
			sourceTree = "<group>";
		};
		2710B42A293DC04D0026C474 /* Products */ = {
			isa = PBXGroup;
			children = (
				2710B429293DC04D0026C474 /* Landmarks.app */,
				2710B439293DC04E0026C474 /* LandmarksTests.xctest */,
				2710B443293DC04E0026C474 /* LandmarksUITests.xctest */,
			);
			name = Products;
			sourceTree = "<group>";
		};
		2710B42B293DC04D0026C474 /* Landmarks */ = {
			isa = PBXGroup;
			children = (
				2710B432293DC04E0026C474 /* Preview Content */,
				2710B430293DC04E0026C474 /* Assets.xcassets */,
				2710B42C293DC04D0026C474 /* LandmarksApp.swift */,
				278F1B872945E1F3008BB606 /* Model */,
				278F1B882945E203008BB606 /* Resources */,
				278F1B862945E1BB008BB606 /* Views */,
			);
			path = Landmarks;
			sourceTree = "<group>";
		};
		2710B432293DC04E0026C474 /* Preview Content */ = {
			isa = PBXGroup;
			children = (
				2710B433293DC04E0026C474 /* Preview Assets.xcassets */,
			);
			path = "Preview Content";
			sourceTree = "<group>";
		};
		2710B43C293DC04E0026C474 /* LandmarksTests */ = {
			isa = PBXGroup;
			children = (
				2710B43D293DC04E0026C474 /* LandmarksTests.swift */,
			);
			path = LandmarksTests;
			sourceTree = "<group>";
		};
		2710B446293DC04E0026C474 /* LandmarksUITests */ = {
			isa = PBXGroup;
			children = (
				2710B447293DC04E0026C474 /* LandmarksUITests.swift */,
				2710B449293DC04E0026C474 /* LandmarksUITestsLaunchTests.swift */,
			);
			path = LandmarksUITests;
			sourceTree = "<group>";
		};
		2723C8A9294C8E69008177B7 /* Landmarks */ = {
			isa = PBXGroup;
			children = (
				278F1B892945E29A008BB606 /* LandmarkRow.swift */,
				278F1B8B2945E4C2008BB606 /* LandmarkList.swift */,
				278F1B8D2945E60F008BB606 /* LandmarkDetail.swift */,
			);
			path = Landmarks;
			sourceTree = "<group>";
		};
		2723C8AA294C8E72008177B7 /* Helpers */ = {
			isa = PBXGroup;
			children = (
				27231D8A2945D7E300A48F77 /* CircleImage.swift */,
				27231D8C2945D99C00A48F77 /* MapView.swift */,
				2723C8A7294C8D15008177B7 /* FavoriteButton.swift */,
			);
			path = Helpers;
			sourceTree = "<group>";
		};
		278F1B862945E1BB008BB606 /* Views */ = {
			isa = PBXGroup;
			children = (
				2723C8AA294C8E72008177B7 /* Helpers */,
				2723C8A9294C8E69008177B7 /* Landmarks */,
				2710B42E293DC04D0026C474 /* ContentView.swift */,
			);
			path = Views;
			sourceTree = "<group>";
		};
		278F1B872945E1F3008BB606 /* Model */ = {
			isa = PBXGroup;
			children = (
				278F1B822945DF55008BB606 /* Landmark.swift */,
				278F1B842945E118008BB606 /* ModelData.swift */,
			);
			path = Model;
			sourceTree = "<group>";
		};
		278F1B882945E203008BB606 /* Resources */ = {
			isa = PBXGroup;
			children = (
				278F1B802945DF27008BB606 /* landmarkData.json */,
			);
			path = Resources;
			sourceTree = "<group>";
		};
/* End PBXGroup section */

/* Begin PBXNativeTarget section */
		2710B428293DC04D0026C474 /* Landmarks */ = {
			isa = PBXNativeTarget;
			buildConfigurationList = 2710B44D293DC04E0026C474 /* Build configuration list for PBXNativeTarget "Landmarks" */;
			buildPhases = (
				2710B425293DC04D0026C474 /* Sources */,
				2710B426293DC04D0026C474 /* Frameworks */,
				2710B427293DC04D0026C474 /* Resources */,
			);
			buildRules = (
			);
			dependencies = (
			);
			name = Landmarks;
			productName = Landmarks;
			productReference = 2710B429293DC04D0026C474 /* Landmarks.app */;
			productType = "com.apple.product-type.application";
		};
		2710B438293DC04E0026C474 /* LandmarksTests */ = {
			isa = PBXNativeTarget;
			buildConfigurationList = 2710B450293DC04E0026C474 /* Build configuration list for PBXNativeTarget "LandmarksTests" */;
			buildPhases = (
				2710B435293DC04E0026C474 /* Sources */,
				2710B436293DC04E0026C474 /* Frameworks */,
				2710B437293DC04E0026C474 /* Resources */,
			);
			buildRules = (
			);
			dependencies = (
				2710B43B293DC04E0026C474 /* PBXTargetDependency */,
			);
			name = LandmarksTests;
			productName = LandmarksTests;
			productReference = 2710B439293DC04E0026C474 /* LandmarksTests.xctest */;
			productType = "com.apple.product-type.bundle.unit-test";
		};
		2710B442293DC04E0026C474 /* LandmarksUITests */ = {
			isa = PBXNativeTarget;
			buildConfigurationList = 2710B453293DC04E0026C474 /* Build configuration list for PBXNativeTarget "LandmarksUITests" */;
			buildPhases = (
				2710B43F293DC04E0026C474 /* Sources */,
				2710B440293DC04E0026C474 /* Frameworks */,
				2710B441293DC04E0026C474 /* Resources */,
			);
			buildRules = (
			);
			dependencies = (
				2710B445293DC04E0026C474 /* PBXTargetDependency */,
			);
			name = LandmarksUITests;
			productName = LandmarksUITests;
			productReference = 2710B443293DC04E0026C474 /* LandmarksUITests.xctest */;
			productType = "com.apple.product-type.bundle.ui-testing";
		};
/* End PBXNativeTarget section */

/* Begin PBXProject section */
		2710B421293DC04D0026C474 /* Project object */ = {
			isa = PBXProject;
			attributes = {
				BuildIndependentTargetsInParallel = 1;
				LastSwiftUpdateCheck = 1410;
				LastUpgradeCheck = 1410;
				TargetAttributes = {
					2710B428293DC04D0026C474 = {
						CreatedOnToolsVersion = 14.1;
					};
					2710B438293DC04E0026C474 = {
						CreatedOnToolsVersion = 14.1;
						TestTargetID = 2710B428293DC04D0026C474;
					};
					2710B442293DC04E0026C474 = {
						CreatedOnToolsVersion = 14.1;
						TestTargetID = 2710B428293DC04D0026C474;
					};
				};
			};
			buildConfigurationList = 2710B424293DC04D0026C474 /* Build configuration list for PBXProject "Landmarks" */;
			compatibilityVersion = "Xcode 14.0";
			developmentRegion = en;
			hasScannedForEncodings = 0;
			knownRegions = (
				en,
				Base,
			);
			mainGroup = 2710B420293DC04D0026C474;
			productRefGroup = 2710B42A293DC04D0026C474 /* Products */;
			projectDirPath = "";
			projectRoot = "";
			targets = (
				2710B428293DC04D0026C474 /* Landmarks */,
				2710B438293DC04E0026C474 /* LandmarksTests */,
				2710B442293DC04E0026C474 /* LandmarksUITests */,
			);
		};
/* End PBXProject section */

/* Begin PBXResourcesBuildPhase section */
		2710B427293DC04D0026C474 /* Resources */ = {
			isa = PBXResourcesBuildPhase;
			buildActionMask = 2147483647;
			files = (
				2710B434293DC04E0026C474 /* Preview Assets.xcassets in Resources */,
				2710B431293DC04E0026C474 /* Assets.xcassets in Resources */,
				278F1B812945DF27008BB606 /* landmarkData.json in Resources */,
			);
			runOnlyForDeploymentPostprocessing = 0;
		};
		2710B437293DC04E0026C474 /* Resources */ = {
			isa = PBXResourcesBuildPhase;
			buildActionMask = 2147483647;
			files = (
			);
			runOnlyForDeploymentPostprocessing = 0;
		};
		2710B441293DC04E0026C474 /* Resources */ = {
			isa = PBXResourcesBuildPhase;
			buildActionMask = 2147483647;
			files = (
			);
			runOnlyForDeploymentPostprocessing = 0;
		};
/* End PBXResourcesBuildPhase section */

/* Begin PBXSourcesBuildPhase section */
		2710B425293DC04D0026C474 /* Sources */ = {
			isa = PBXSourcesBuildPhase;
			buildActionMask = 2147483647;
			files = (
				2710B42F293DC04D0026C474 /* ContentView.swift in Sources */,
				27231D8D2945D99C00A48F77 /* MapView.swift in Sources */,
				2710B42D293DC04D0026C474 /* LandmarksApp.swift in Sources */,
				2723C8A8294C8D15008177B7 /* FavoriteButton.swift in Sources */,
				278F1B8C2945E4C2008BB606 /* LandmarkList.swift in Sources */,
				278F1B8E2945E60F008BB606 /* LandmarkDetail.swift in Sources */,
				27231D8B2945D7E300A48F77 /* CircleImage.swift in Sources */,
				278F1B832945DF55008BB606 /* Landmark.swift in Sources */,
				278F1B8A2945E29A008BB606 /* LandmarkRow.swift in Sources */,
				278F1B852945E118008BB606 /* ModelData.swift in Sources */,
			);
			runOnlyForDeploymentPostprocessing = 0;
		};
		2710B435293DC04E0026C474 /* Sources */ = {
			isa = PBXSourcesBuildPhase;
			buildActionMask = 2147483647;
			files = (
				2710B43E293DC04E0026C474 /* LandmarksTests.swift in Sources */,
			);
			runOnlyForDeploymentPostprocessing = 0;
		};
		2710B43F293DC04E0026C474 /* Sources */ = {
			isa = PBXSourcesBuildPhase;
			buildActionMask = 2147483647;
			files = (
				2710B44A293DC04E0026C474 /* LandmarksUITestsLaunchTests.swift in Sources */,
				2710B448293DC04E0026C474 /* LandmarksUITests.swift in Sources */,
			);
			runOnlyForDeploymentPostprocessing = 0;
		};
/* End PBXSourcesBuildPhase section */

/* Begin PBXTargetDependency section */
		2710B43B293DC04E0026C474 /* PBXTargetDependency */ = {
			isa = PBXTargetDependency;
			target = 2710B428293DC04D0026C474 /* Landmarks */;
			targetProxy = 2710B43A293DC04E0026C474 /* PBXContainerItemProxy */;
		};
		2710B445293DC04E0026C474 /* PBXTargetDependency */ = {
			isa = PBXTargetDependency;
			target = 2710B428293DC04D0026C474 /* Landmarks */;
			targetProxy = 2710B444293DC04E0026C474 /* PBXContainerItemProxy */;
		};
/* End PBXTargetDependency section */

/* Begin XCBuildConfiguration section */
		2710B44B293DC04E0026C474 /* Debug */ = {
			isa = XCBuildConfiguration;
			buildSettings = {
				ALWAYS_SEARCH_USER_PATHS = NO;
				CLANG_ANALYZER_NONNULL = YES;
				CLANG_ANALYZER_NUMBER_OBJECT_CONVERSION = YES_AGGRESSIVE;
				CLANG_CXX_LANGUAGE_STANDARD = "gnu++20";
				CLANG_ENABLE_MODULES = YES;
				CLANG_ENABLE_OBJC_ARC = YES;
				CLANG_ENABLE_OBJC_WEAK = YES;
				CLANG_WARN_BLOCK_CAPTURE_AUTORELEASING = YES;
				CLANG_WARN_BOOL_CONVERSION = YES;
				CLANG_WARN_COMMA = YES;
				CLANG_WARN_CONSTANT_CONVERSION = YES;
				CLANG_WARN_DEPRECATED_OBJC_IMPLEMENTATIONS = YES;
				CLANG_WARN_DIRECT_OBJC_ISA_USAGE = YES_ERROR;
				CLANG_WARN_DOCUMENTATION_COMMENTS = YES;
				CLANG_WARN_EMPTY_BODY = YES;
				CLANG_WARN_ENUM_CONVERSION = YES;
				CLANG_WARN_INFINITE_RECURSION = YES;
				CLANG_WARN_INT_CONVERSION = YES;
				CLANG_WARN_NON_LITERAL_NULL_CONVERSION = YES;
				CLANG_WARN_OBJC_IMPLICIT_RETAIN_SELF = YES;
				CLANG_WARN_OBJC_LITERAL_CONVERSION = YES;
				CLANG_WARN_OBJC_ROOT_CLASS = YES_ERROR;
				CLANG_WARN_QUOTED_INCLUDE_IN_FRAMEWORK_HEADER = YES;
				CLANG_WARN_RANGE_LOOP_ANALYSIS = YES;
				CLANG_WARN_STRICT_PROTOTYPES = YES;
				CLANG_WARN_SUSPICIOUS_MOVE = YES;
				CLANG_WARN_UNGUARDED_AVAILABILITY = YES_AGGRESSIVE;
				CLANG_WARN_UNREACHABLE_CODE = YES;
				CLANG_WARN__DUPLICATE_METHOD_MATCH = YES;
				COPY_PHASE_STRIP = NO;
				DEBUG_INFORMATION_FORMAT = dwarf;
				ENABLE_STRICT_OBJC_MSGSEND = YES;
				ENABLE_TESTABILITY = YES;
				GCC_C_LANGUAGE_STANDARD = gnu11;
				GCC_DYNAMIC_NO_PIC = NO;
				GCC_NO_COMMON_BLOCKS = YES;
				GCC_OPTIMIZATION_LEVEL = 0;
				GCC_PREPROCESSOR_DEFINITIONS = (
					"DEBUG=1",
					"$(inherited)",
				);
				GCC_WARN_64_TO_32_BIT_CONVERSION = YES;
				GCC_WARN_ABOUT_RETURN_TYPE = YES_ERROR;
				GCC_WARN_UNDECLARED_SELECTOR = YES;
				GCC_WARN_UNINITIALIZED_AUTOS = YES_AGGRESSIVE;
				GCC_WARN_UNUSED_FUNCTION = YES;
				GCC_WARN_UNUSED_VARIABLE = YES;
				IPHONEOS_DEPLOYMENT_TARGET = 16.1;
				MTL_ENABLE_DEBUG_INFO = INCLUDE_SOURCE;
				MTL_FAST_MATH = YES;
				ONLY_ACTIVE_ARCH = YES;
				SDKROOT = iphoneos;
				SWIFT_ACTIVE_COMPILATION_CONDITIONS = DEBUG;
				SWIFT_OPTIMIZATION_LEVEL = "-Onone";
			};
			name = Debug;
		};
		2710B44C293DC04E0026C474 /* Release */ = {
			isa = XCBuildConfiguration;
			buildSettings = {
				ALWAYS_SEARCH_USER_PATHS = NO;
				CLANG_ANALYZER_NONNULL = YES;
				CLANG_ANALYZER_NUMBER_OBJECT_CONVERSION = YES_AGGRESSIVE;
				CLANG_CXX_LANGUAGE_STANDARD = "gnu++20";
				CLANG_ENABLE_MODULES = YES;
				CLANG_ENABLE_OBJC_ARC = YES;
				CLANG_ENABLE_OBJC_WEAK = YES;
				CLANG_WARN_BLOCK_CAPTURE_AUTORELEASING = YES;
				CLANG_WARN_BOOL_CONVERSION = YES;
				CLANG_WARN_COMMA = YES;
				CLANG_WARN_CONSTANT_CONVERSION = YES;
				CLANG_WARN_DEPRECATED_OBJC_IMPLEMENTATIONS = YES;
				CLANG_WARN_DIRECT_OBJC_ISA_USAGE = YES_ERROR;
				CLANG_WARN_DOCUMENTATION_COMMENTS = YES;
				CLANG_WARN_EMPTY_BODY = YES;
				CLANG_WARN_ENUM_CONVERSION = YES;
				CLANG_WARN_INFINITE_RECURSION = YES;
				CLANG_WARN_INT_CONVERSION = YES;
				CLANG_WARN_NON_LITERAL_NULL_CONVERSION = YES;
				CLANG_WARN_OBJC_IMPLICIT_RETAIN_SELF = YES;
				CLANG_WARN_OBJC_LITERAL_CONVERSION = YES;
				CLANG_WARN_OBJC_ROOT_CLASS = YES_ERROR;
				CLANG_WARN_QUOTED_INCLUDE_IN_FRAMEWORK_HEADER = YES;
				CLANG_WARN_RANGE_LOOP_ANALYSIS = YES;
				CLANG_WARN_STRICT_PROTOTYPES = YES;
				CLANG_WARN_SUSPICIOUS_MOVE = YES;
				CLANG_WARN_UNGUARDED_AVAILABILITY = YES_AGGRESSIVE;
				CLANG_WARN_UNREACHABLE_CODE = YES;
				CLANG_WARN__DUPLICATE_METHOD_MATCH = YES;
				COPY_PHASE_STRIP = NO;
				DEBUG_INFORMATION_FORMAT = "dwarf-with-dsym";
				ENABLE_NS_ASSERTIONS = NO;
				ENABLE_STRICT_OBJC_MSGSEND = YES;
				GCC_C_LANGUAGE_STANDARD = gnu11;
				GCC_NO_COMMON_BLOCKS = YES;
				GCC_WARN_64_TO_32_BIT_CONVERSION = YES;
				GCC_WARN_ABOUT_RETURN_TYPE = YES_ERROR;
				GCC_WARN_UNDECLARED_SELECTOR = YES;
				GCC_WARN_UNINITIALIZED_AUTOS = YES_AGGRESSIVE;
				GCC_WARN_UNUSED_FUNCTION = YES;
				GCC_WARN_UNUSED_VARIABLE = YES;
				IPHONEOS_DEPLOYMENT_TARGET = 16.1;
				MTL_ENABLE_DEBUG_INFO = NO;
				MTL_FAST_MATH = YES;
				SDKROOT = iphoneos;
				SWIFT_COMPILATION_MODE = wholemodule;
				SWIFT_OPTIMIZATION_LEVEL = "-O";
				VALIDATE_PRODUCT = YES;
			};
			name = Release;
		};
		2710B44E293DC04E0026C474 /* Debug */ = {
			isa = XCBuildConfiguration;
			buildSettings = {
				ASSETCATALOG_COMPILER_APPICON_NAME = AppIcon;
				ASSETCATALOG_COMPILER_GLOBAL_ACCENT_COLOR_NAME = AccentColor;
				CODE_SIGN_STYLE = Automatic;
				CURRENT_PROJECT_VERSION = 1;
				DEVELOPMENT_ASSET_PATHS = "\"Landmarks/Preview Content\"";
				DEVELOPMENT_TEAM = CGB8NT6HDX;
				ENABLE_PREVIEWS = YES;
				GENERATE_INFOPLIST_FILE = YES;
				INFOPLIST_KEY_UIApplicationSceneManifest_Generation = YES;
				INFOPLIST_KEY_UIApplicationSupportsIndirectInputEvents = YES;
				INFOPLIST_KEY_UILaunchScreen_Generation = YES;
				INFOPLIST_KEY_UISupportedInterfaceOrientations_iPad = "UIInterfaceOrientationPortrait UIInterfaceOrientationPortraitUpsideDown UIInterfaceOrientationLandscapeLeft UIInterfaceOrientationLandscapeRight";
				INFOPLIST_KEY_UISupportedInterfaceOrientations_iPhone = "UIInterfaceOrientationPortrait UIInterfaceOrientationLandscapeLeft UIInterfaceOrientationLandscapeRight";
				LD_RUNPATH_SEARCH_PATHS = (
					"$(inherited)",
					"@executable_path/Frameworks",
				);
				MARKETING_VERSION = 1.0;
				PRODUCT_BUNDLE_IDENTIFIER = com.oni.Landmarks;
				PRODUCT_NAME = "$(TARGET_NAME)";
				SWIFT_EMIT_LOC_STRINGS = YES;
				SWIFT_VERSION = 5.0;
				TARGETED_DEVICE_FAMILY = "1,2";
			};
			name = Debug;
		};
		2710B44F293DC04E0026C474 /* Release */ = {
			isa = XCBuildConfiguration;
			buildSettings = {
				ASSETCATALOG_COMPILER_APPICON_NAME = AppIcon;
				ASSETCATALOG_COMPILER_GLOBAL_ACCENT_COLOR_NAME = AccentColor;
				CODE_SIGN_STYLE = Automatic;
				CURRENT_PROJECT_VERSION = 1;
				DEVELOPMENT_ASSET_PATHS = "\"Landmarks/Preview Content\"";
				DEVELOPMENT_TEAM = CGB8NT6HDX;
				ENABLE_PREVIEWS = YES;
				GENERATE_INFOPLIST_FILE = YES;
				INFOPLIST_KEY_UIApplicationSceneManifest_Generation = YES;
				INFOPLIST_KEY_UIApplicationSupportsIndirectInputEvents = YES;
				INFOPLIST_KEY_UILaunchScreen_Generation = YES;
				INFOPLIST_KEY_UISupportedInterfaceOrientations_iPad = "UIInterfaceOrientationPortrait UIInterfaceOrientationPortraitUpsideDown UIInterfaceOrientationLandscapeLeft UIInterfaceOrientationLandscapeRight";
				INFOPLIST_KEY_UISupportedInterfaceOrientations_iPhone = "UIInterfaceOrientationPortrait UIInterfaceOrientationLandscapeLeft UIInterfaceOrientationLandscapeRight";
				LD_RUNPATH_SEARCH_PATHS = (
					"$(inherited)",
					"@executable_path/Frameworks",
				);
				MARKETING_VERSION = 1.0;
				PRODUCT_BUNDLE_IDENTIFIER = com.oni.Landmarks;
				PRODUCT_NAME = "$(TARGET_NAME)";
				SWIFT_EMIT_LOC_STRINGS = YES;
				SWIFT_VERSION = 5.0;
				TARGETED_DEVICE_FAMILY = "1,2";
			};
			name = Release;
		};
		2710B451293DC04E0026C474 /* Debug */ = {
			isa = XCBuildConfiguration;
			buildSettings = {
				ALWAYS_EMBED_SWIFT_STANDARD_LIBRARIES = YES;
				BUNDLE_LOADER = "$(TEST_HOST)";
				CODE_SIGN_STYLE = Automatic;
				CURRENT_PROJECT_VERSION = 1;
				DEVELOPMENT_TEAM = CGB8NT6HDX;
				GENERATE_INFOPLIST_FILE = YES;
				IPHONEOS_DEPLOYMENT_TARGET = 16.1;
				MARKETING_VERSION = 1.0;
				PRODUCT_BUNDLE_IDENTIFIER = com.oni.LandmarksTests;
				PRODUCT_NAME = "$(TARGET_NAME)";
				SWIFT_EMIT_LOC_STRINGS = NO;
				SWIFT_VERSION = 5.0;
				TARGETED_DEVICE_FAMILY = "1,2";
				TEST_HOST = "$(BUILT_PRODUCTS_DIR)/Landmarks.app/$(BUNDLE_EXECUTABLE_FOLDER_PATH)/Landmarks";
			};
			name = Debug;
		};
		2710B452293DC04E0026C474 /* Release */ = {
			isa = XCBuildConfiguration;
			buildSettings = {
				ALWAYS_EMBED_SWIFT_STANDARD_LIBRARIES = YES;
				BUNDLE_LOADER = "$(TEST_HOST)";
				CODE_SIGN_STYLE = Automatic;
				CURRENT_PROJECT_VERSION = 1;
				DEVELOPMENT_TEAM = CGB8NT6HDX;
				GENERATE_INFOPLIST_FILE = YES;
				IPHONEOS_DEPLOYMENT_TARGET = 16.1;
				MARKETING_VERSION = 1.0;
				PRODUCT_BUNDLE_IDENTIFIER = com.oni.LandmarksTests;
				PRODUCT_NAME = "$(TARGET_NAME)";
				SWIFT_EMIT_LOC_STRINGS = NO;
				SWIFT_VERSION = 5.0;
				TARGETED_DEVICE_FAMILY = "1,2";
				TEST_HOST = "$(BUILT_PRODUCTS_DIR)/Landmarks.app/$(BUNDLE_EXECUTABLE_FOLDER_PATH)/Landmarks";
			};
			name = Release;
		};
		2710B454293DC04E0026C474 /* Debug */ = {
			isa = XCBuildConfiguration;
			buildSettings = {
				ALWAYS_EMBED_SWIFT_STANDARD_LIBRARIES = YES;
				CODE_SIGN_STYLE = Automatic;
				CURRENT_PROJECT_VERSION = 1;
				DEVELOPMENT_TEAM = CGB8NT6HDX;
				GENERATE_INFOPLIST_FILE = YES;
				MARKETING_VERSION = 1.0;
				PRODUCT_BUNDLE_IDENTIFIER = com.oni.LandmarksUITests;
				PRODUCT_NAME = "$(TARGET_NAME)";
				SWIFT_EMIT_LOC_STRINGS = NO;
				SWIFT_VERSION = 5.0;
				TARGETED_DEVICE_FAMILY = "1,2";
				TEST_TARGET_NAME = Landmarks;
			};
			name = Debug;
		};
		2710B455293DC04E0026C474 /* Release */ = {
			isa = XCBuildConfiguration;
			buildSettings = {
				ALWAYS_EMBED_SWIFT_STANDARD_LIBRARIES = YES;
				CODE_SIGN_STYLE = Automatic;
				CURRENT_PROJECT_VERSION = 1;
				DEVELOPMENT_TEAM = CGB8NT6HDX;
				GENERATE_INFOPLIST_FILE = YES;
				MARKETING_VERSION = 1.0;
				PRODUCT_BUNDLE_IDENTIFIER = com.oni.LandmarksUITests;
				PRODUCT_NAME = "$(TARGET_NAME)";
				SWIFT_EMIT_LOC_STRINGS = NO;
				SWIFT_VERSION = 5.0;
				TARGETED_DEVICE_FAMILY = "1,2";
				TEST_TARGET_NAME = Landmarks;
			};
			name = Release;
		};
/* End XCBuildConfiguration section */

/* Begin XCConfigurationList section */
		2710B424293DC04D0026C474 /* Build configuration list for PBXProject "Landmarks" */ = {
			isa = XCConfigurationList;
			buildConfigurations = (
				2710B44B293DC04E0026C474 /* Debug */,
				2710B44C293DC04E0026C474 /* Release */,
			);
			defaultConfigurationIsVisible = 0;
			defaultConfigurationName = Release;
		};
		2710B44D293DC04E0026C474 /* Build configuration list for PBXNativeTarget "Landmarks" */ = {
			isa = XCConfigurationList;
			buildConfigurations = (
				2710B44E293DC04E0026C474 /* Debug */,
				2710B44F293DC04E0026C474 /* Release */,
			);
			defaultConfigurationIsVisible = 0;
			defaultConfigurationName = Release;
		};
		2710B450293DC04E0026C474 /* Build configuration list for PBXNativeTarget "LandmarksTests" */ = {
			isa = XCConfigurationList;
			buildConfigurations = (
				2710B451293DC04E0026C474 /* Debug */,
				2710B452293DC04E0026C474 /* Release */,
			);
			defaultConfigurationIsVisible = 0;
			defaultConfigurationName = Release;
		};
		2710B453293DC04E0026C474 /* Build configuration list for PBXNativeTarget "LandmarksUITests" */ = {
			isa = XCConfigurationList;
			buildConfigurations = (
				2710B454293DC04E0026C474 /* Debug */,
				2710B455293DC04E0026C474 /* Release */,
			);
			defaultConfigurationIsVisible = 0;
			defaultConfigurationName = Release;
		};
/* End XCConfigurationList section */
	};
	rootObject = 2710B421293DC04D0026C474 /* Project object */;
}
